// !$*UTF8*$!
{
	archiveVersion = 1;
	classes = {
	};
	objectVersion = 56;
	objects = {

/* Begin PBXBuildFile section */
		BC0A6E742A085FB80086F68B /* ScratchCodeView.xib in Resources */ = {isa = PBXBuildFile; fileRef = BC0A6E732A085FB80086F68B /* ScratchCodeView.xib */; };
		BC0A6E772A0860570086F68B /* ScratchCardsCoordinator.swift in Sources */ = {isa = PBXBuildFile; fileRef = BC0A6E762A0860570086F68B /* ScratchCardsCoordinator.swift */; };
		BC0A6E792A0863F10086F68B /* AppCoordinator.swift in Sources */ = {isa = PBXBuildFile; fileRef = BC0A6E782A0863F10086F68B /* AppCoordinator.swift */; };
		BC0A6E7B2A08646B0086F68B /* Coordinator.swift in Sources */ = {isa = PBXBuildFile; fileRef = BC0A6E7A2A08646B0086F68B /* Coordinator.swift */; };
		BC0A6E802A0867B00086F68B /* ScratchCardsViewModel.swift in Sources */ = {isa = PBXBuildFile; fileRef = BC0A6E7F2A0867B00086F68B /* ScratchCardsViewModel.swift */; };
		BC0A6E882A086D5F0086F68B /* Localizable.strings in Resources */ = {isa = PBXBuildFile; fileRef = BC0A6E8A2A086D5F0086F68B /* Localizable.strings */; };
		BC0A6E8D2A086FB90086F68B /* ScratchCard.swift in Sources */ = {isa = PBXBuildFile; fileRef = BC0A6E8C2A086FB90086F68B /* ScratchCard.swift */; };
		BC0A6E902A08E4F80086F68B /* Versions.swift in Sources */ = {isa = PBXBuildFile; fileRef = BC0A6E8F2A08E4F80086F68B /* Versions.swift */; };
		BC0A6E932A08E5ED0086F68B /* ActivateViewModel.swift in Sources */ = {isa = PBXBuildFile; fileRef = BC0A6E922A08E5ED0086F68B /* ActivateViewModel.swift */; };
		BC0A6E952A08FA990086F68B /* NetworkService.swift in Sources */ = {isa = PBXBuildFile; fileRef = BC0A6E942A08FA990086F68B /* NetworkService.swift */; };
		BC0A6E982A08FB640086F68B /* Alamofire in Frameworks */ = {isa = PBXBuildFile; productRef = BC0A6E972A08FB640086F68B /* Alamofire */; };
		BC0A6E9B2A08FF0E0086F68B /* Activation.storyboard in Resources */ = {isa = PBXBuildFile; fileRef = BC0A6E9A2A08FF0E0086F68B /* Activation.storyboard */; };
		BC0A6E9D2A08FF2A0086F68B /* Revelation.storyboard in Resources */ = {isa = PBXBuildFile; fileRef = BC0A6E9C2A08FF2A0086F68B /* Revelation.storyboard */; };
		BC0A6EA02A08FF580086F68B /* O2API.swift in Sources */ = {isa = PBXBuildFile; fileRef = BC0A6E9F2A08FF580086F68B /* O2API.swift */; };
		BC0A6EA22A0903F70086F68B /* ActivationService.swift in Sources */ = {isa = PBXBuildFile; fileRef = BC0A6EA12A0903F70086F68B /* ActivationService.swift */; };
		BC0A6EA52A091C2D0086F68B /* ActivationController.swift in Sources */ = {isa = PBXBuildFile; fileRef = BC0A6EA42A091C2D0086F68B /* ActivationController.swift */; };
		BC0A6EA82A0922DA0086F68B /* ScratchCardCell.swift in Sources */ = {isa = PBXBuildFile; fileRef = BC0A6EA62A0922DA0086F68B /* ScratchCardCell.swift */; };
		BC6E0E392A09A89C0041CB36 /* RevelationController.swift in Sources */ = {isa = PBXBuildFile; fileRef = BC6E0E382A09A89C0041CB36 /* RevelationController.swift */; };
		BC6E0E3C2A09ADDF0041CB36 /* RevelationViewModel.swift in Sources */ = {isa = PBXBuildFile; fileRef = BC6E0E3B2A09ADDF0041CB36 /* RevelationViewModel.swift */; };
		BC6E0E432A0AAE060041CB36 /* ScratchCardsCoordinatorTests.swift in Sources */ = {isa = PBXBuildFile; fileRef = BC6E0E422A0AAE060041CB36 /* ScratchCardsCoordinatorTests.swift */; };
		BC6E0E472A0ABD100041CB36 /* RevelationViewModelTests.swift in Sources */ = {isa = PBXBuildFile; fileRef = BC6E0E462A0ABD100041CB36 /* RevelationViewModelTests.swift */; };
		BC6E0E492A0ABD190041CB36 /* ActivationViewModelTests.swift in Sources */ = {isa = PBXBuildFile; fileRef = BC6E0E482A0ABD190041CB36 /* ActivationViewModelTests.swift */; };
		BC6E0E4B2A0AC3830041CB36 /* ActivationServiceMock.swift in Sources */ = {isa = PBXBuildFile; fileRef = BC6E0E4A2A0AC3830041CB36 /* ActivationServiceMock.swift */; };
		BC8107992A07FAD5009BAA6C /* ScratchCardView.swift in Sources */ = {isa = PBXBuildFile; fileRef = BC8107982A07FAD5009BAA6C /* ScratchCardView.swift */; };
		BC9349022A081EA300579051 /* ScratchCardView.xib in Resources */ = {isa = PBXBuildFile; fileRef = BC9349012A081EA300579051 /* ScratchCardView.xib */; };
		BC9349142A0851B300579051 /* ViewModelContainer.swift in Sources */ = {isa = PBXBuildFile; fileRef = BC9349122A0851B200579051 /* ViewModelContainer.swift */; };
		BC9349152A0851B300579051 /* ViewModelType.swift in Sources */ = {isa = PBXBuildFile; fileRef = BC9349132A0851B300579051 /* ViewModelType.swift */; };
		BCB4725D2A0719C800A7B686 /* AppDelegate.swift in Sources */ = {isa = PBXBuildFile; fileRef = BCB4725C2A0719C800A7B686 /* AppDelegate.swift */; };
		BCB4725F2A0719C800A7B686 /* SceneDelegate.swift in Sources */ = {isa = PBXBuildFile; fileRef = BCB4725E2A0719C800A7B686 /* SceneDelegate.swift */; };
		BCB472612A0719C800A7B686 /* ScratchCardsController.swift in Sources */ = {isa = PBXBuildFile; fileRef = BCB472602A0719C800A7B686 /* ScratchCardsController.swift */; };
		BCB472642A0719C800A7B686 /* Main.storyboard in Resources */ = {isa = PBXBuildFile; fileRef = BCB472622A0719C800A7B686 /* Main.storyboard */; };
		BCB472662A0719C900A7B686 /* Assets.xcassets in Resources */ = {isa = PBXBuildFile; fileRef = BCB472652A0719C900A7B686 /* Assets.xcassets */; };
		BCB472692A0719C900A7B686 /* LaunchScreen.storyboard in Resources */ = {isa = PBXBuildFile; fileRef = BCB472672A0719C900A7B686 /* LaunchScreen.storyboard */; };
		BCB472742A0719C900A7B686 /* ScratchCardViewModelTests.swift in Sources */ = {isa = PBXBuildFile; fileRef = BCB472732A0719C900A7B686 /* ScratchCardViewModelTests.swift */; };
		BCB4727E2A0719C900A7B686 /* ScratchCardsUITests.swift in Sources */ = {isa = PBXBuildFile; fileRef = BCB4727D2A0719C900A7B686 /* ScratchCardsUITests.swift */; };
		BCB472802A0719C900A7B686 /* ScratchCardsUITestsLaunchTests.swift in Sources */ = {isa = PBXBuildFile; fileRef = BCB4727F2A0719C900A7B686 /* ScratchCardsUITestsLaunchTests.swift */; };
		BCB472912A0719EF00A7B686 /* Log.swift in Sources */ = {isa = PBXBuildFile; fileRef = BCB4728E2A0719EF00A7B686 /* Log.swift */; };
		BCB472922A0719EF00A7B686 /* Const.swift in Sources */ = {isa = PBXBuildFile; fileRef = BCB4728F2A0719EF00A7B686 /* Const.swift */; };
		BCB472962A0719FD00A7B686 /* Colors.xcassets in Resources */ = {isa = PBXBuildFile; fileRef = BCB472952A0719FD00A7B686 /* Colors.xcassets */; };
		BCB4729E2A071A0500A7B686 /* Kanit-Regular.ttf in Resources */ = {isa = PBXBuildFile; fileRef = BCB4729A2A071A0500A7B686 /* Kanit-Regular.ttf */; };
		BCB4729F2A071A0500A7B686 /* Kanit-Bold.ttf in Resources */ = {isa = PBXBuildFile; fileRef = BCB4729B2A071A0500A7B686 /* Kanit-Bold.ttf */; };
		BCB472A02A071A0500A7B686 /* Kanit-Medium.ttf in Resources */ = {isa = PBXBuildFile; fileRef = BCB4729C2A071A0500A7B686 /* Kanit-Medium.ttf */; };
		BCE451932A07945B00F536DF /* StandardButtonView.swift in Sources */ = {isa = PBXBuildFile; fileRef = BCE451912A07945B00F536DF /* StandardButtonView.swift */; };
		BCE451942A07945B00F536DF /* StandardButtonView.xib in Resources */ = {isa = PBXBuildFile; fileRef = BCE451922A07945B00F536DF /* StandardButtonView.xib */; };
		BCE451992A07950700F536DF /* UIColor+Colors.swift in Sources */ = {isa = PBXBuildFile; fileRef = BCE451982A07950700F536DF /* UIColor+Colors.swift */; };
		BCE4519B2A07952C00F536DF /* UIFont+Fonts.swift in Sources */ = {isa = PBXBuildFile; fileRef = BCE4519A2A07952C00F536DF /* UIFont+Fonts.swift */; };
		BCE4519D2A07954B00F536DF /* Animation.swift in Sources */ = {isa = PBXBuildFile; fileRef = BCE4519C2A07954B00F536DF /* Animation.swift */; };
		BCE4519F2A07962A00F536DF /* UIView+360Rotation.swift in Sources */ = {isa = PBXBuildFile; fileRef = BCE4519E2A07962A00F536DF /* UIView+360Rotation.swift */; };
		BCE451A22A0798D300F536DF /* SeparatorView.xib in Resources */ = {isa = PBXBuildFile; fileRef = BCE451A12A0798D300F536DF /* SeparatorView.xib */; };
		BCE451A42A0798E200F536DF /* SeparatorView.swift in Sources */ = {isa = PBXBuildFile; fileRef = BCE451A32A0798E200F536DF /* SeparatorView.swift */; };
		BCE451A62A07999F00F536DF /* Design.swift in Sources */ = {isa = PBXBuildFile; fileRef = BCE451A52A07999F00F536DF /* Design.swift */; };
		BCE451A82A07A97400F536DF /* ScratchCodeView.swift in Sources */ = {isa = PBXBuildFile; fileRef = BCE451A72A07A97400F536DF /* ScratchCodeView.swift */; };
		BCE4859A2A0923C40031DD0B /* ScratchCardCell.xib in Resources */ = {isa = PBXBuildFile; fileRef = BCE485992A0923C40031DD0B /* ScratchCardCell.xib */; };
		BCE4859D2A0928D90031DD0B /* ScratchCardViewModel.swift in Sources */ = {isa = PBXBuildFile; fileRef = BCE4859C2A0928D90031DD0B /* ScratchCardViewModel.swift */; };
		BCE4859F2A092D0A0031DD0B /* Date+Format.swift in Sources */ = {isa = PBXBuildFile; fileRef = BCE4859E2A092D0A0031DD0B /* Date+Format.swift */; };
		BCE485A12A092F9C0031DD0B /* ScratchCardGeneratorService.swift in Sources */ = {isa = PBXBuildFile; fileRef = BCE485A02A092F9C0031DD0B /* ScratchCardGeneratorService.swift */; };
/* End PBXBuildFile section */

/* Begin PBXContainerItemProxy section */
		BCB472702A0719C900A7B686 /* PBXContainerItemProxy */ = {
			isa = PBXContainerItemProxy;
			containerPortal = BCB472512A0719C800A7B686 /* Project object */;
			proxyType = 1;
			remoteGlobalIDString = BCB472582A0719C800A7B686;
			remoteInfo = ScratchCards;
		};
		BCB4727A2A0719C900A7B686 /* PBXContainerItemProxy */ = {
			isa = PBXContainerItemProxy;
			containerPortal = BCB472512A0719C800A7B686 /* Project object */;
			proxyType = 1;
			remoteGlobalIDString = BCB472582A0719C800A7B686;
			remoteInfo = ScratchCards;
		};
/* End PBXContainerItemProxy section */

/* Begin PBXFileReference section */
		BC0A6E732A085FB80086F68B /* ScratchCodeView.xib */ = {isa = PBXFileReference; fileEncoding = 4; lastKnownFileType = file.xib; path = ScratchCodeView.xib; sourceTree = "<group>"; };
		BC0A6E762A0860570086F68B /* ScratchCardsCoordinator.swift */ = {isa = PBXFileReference; lastKnownFileType = sourcecode.swift; path = ScratchCardsCoordinator.swift; sourceTree = "<group>"; };
		BC0A6E782A0863F10086F68B /* AppCoordinator.swift */ = {isa = PBXFileReference; fileEncoding = 4; lastKnownFileType = sourcecode.swift; path = AppCoordinator.swift; sourceTree = "<group>"; };
		BC0A6E7A2A08646B0086F68B /* Coordinator.swift */ = {isa = PBXFileReference; fileEncoding = 4; lastKnownFileType = sourcecode.swift; path = Coordinator.swift; sourceTree = "<group>"; };
		BC0A6E7F2A0867B00086F68B /* ScratchCardsViewModel.swift */ = {isa = PBXFileReference; lastKnownFileType = sourcecode.swift; path = ScratchCardsViewModel.swift; sourceTree = "<group>"; };
		BC0A6E892A086D5F0086F68B /* en */ = {isa = PBXFileReference; lastKnownFileType = text.plist.strings; name = en; path = en.lproj/Localizable.strings; sourceTree = "<group>"; };
		BC0A6E8C2A086FB90086F68B /* ScratchCard.swift */ = {isa = PBXFileReference; lastKnownFileType = sourcecode.swift; path = ScratchCard.swift; sourceTree = "<group>"; };
		BC0A6E8F2A08E4F80086F68B /* Versions.swift */ = {isa = PBXFileReference; lastKnownFileType = sourcecode.swift; path = Versions.swift; sourceTree = "<group>"; };
		BC0A6E922A08E5ED0086F68B /* ActivateViewModel.swift */ = {isa = PBXFileReference; lastKnownFileType = sourcecode.swift; path = ActivateViewModel.swift; sourceTree = "<group>"; };
		BC0A6E942A08FA990086F68B /* NetworkService.swift */ = {isa = PBXFileReference; fileEncoding = 4; lastKnownFileType = sourcecode.swift; path = NetworkService.swift; sourceTree = "<group>"; };
		BC0A6E9A2A08FF0E0086F68B /* Activation.storyboard */ = {isa = PBXFileReference; lastKnownFileType = file.storyboard; path = Activation.storyboard; sourceTree = "<group>"; };
		BC0A6E9C2A08FF2A0086F68B /* Revelation.storyboard */ = {isa = PBXFileReference; lastKnownFileType = file.storyboard; path = Revelation.storyboard; sourceTree = "<group>"; };
		BC0A6E9F2A08FF580086F68B /* O2API.swift */ = {isa = PBXFileReference; lastKnownFileType = sourcecode.swift; path = O2API.swift; sourceTree = "<group>"; };
		BC0A6EA12A0903F70086F68B /* ActivationService.swift */ = {isa = PBXFileReference; lastKnownFileType = sourcecode.swift; path = ActivationService.swift; sourceTree = "<group>"; };
		BC0A6EA42A091C2D0086F68B /* ActivationController.swift */ = {isa = PBXFileReference; lastKnownFileType = sourcecode.swift; path = ActivationController.swift; sourceTree = "<group>"; };
		BC0A6EA62A0922DA0086F68B /* ScratchCardCell.swift */ = {isa = PBXFileReference; lastKnownFileType = sourcecode.swift; path = ScratchCardCell.swift; sourceTree = "<group>"; };
		BC6E0E382A09A89C0041CB36 /* RevelationController.swift */ = {isa = PBXFileReference; lastKnownFileType = sourcecode.swift; path = RevelationController.swift; sourceTree = "<group>"; };
		BC6E0E3B2A09ADDF0041CB36 /* RevelationViewModel.swift */ = {isa = PBXFileReference; lastKnownFileType = sourcecode.swift; path = RevelationViewModel.swift; sourceTree = "<group>"; };
		BC6E0E422A0AAE060041CB36 /* ScratchCardsCoordinatorTests.swift */ = {isa = PBXFileReference; lastKnownFileType = sourcecode.swift; path = ScratchCardsCoordinatorTests.swift; sourceTree = "<group>"; };
		BC6E0E462A0ABD100041CB36 /* RevelationViewModelTests.swift */ = {isa = PBXFileReference; lastKnownFileType = sourcecode.swift; path = RevelationViewModelTests.swift; sourceTree = "<group>"; };
		BC6E0E482A0ABD190041CB36 /* ActivationViewModelTests.swift */ = {isa = PBXFileReference; lastKnownFileType = sourcecode.swift; path = ActivationViewModelTests.swift; sourceTree = "<group>"; };
		BC6E0E4A2A0AC3830041CB36 /* ActivationServiceMock.swift */ = {isa = PBXFileReference; lastKnownFileType = sourcecode.swift; path = ActivationServiceMock.swift; sourceTree = "<group>"; };
		BC8107982A07FAD5009BAA6C /* ScratchCardView.swift */ = {isa = PBXFileReference; lastKnownFileType = sourcecode.swift; path = ScratchCardView.swift; sourceTree = "<group>"; };
		BC9349012A081EA300579051 /* ScratchCardView.xib */ = {isa = PBXFileReference; fileEncoding = 4; lastKnownFileType = file.xib; path = ScratchCardView.xib; sourceTree = "<group>"; };
		BC9349122A0851B200579051 /* ViewModelContainer.swift */ = {isa = PBXFileReference; fileEncoding = 4; lastKnownFileType = sourcecode.swift; path = ViewModelContainer.swift; sourceTree = "<group>"; };
		BC9349132A0851B300579051 /* ViewModelType.swift */ = {isa = PBXFileReference; fileEncoding = 4; lastKnownFileType = sourcecode.swift; path = ViewModelType.swift; sourceTree = "<group>"; };
		BCB472592A0719C800A7B686 /* ScratchCards.app */ = {isa = PBXFileReference; explicitFileType = wrapper.application; includeInIndex = 0; path = ScratchCards.app; sourceTree = BUILT_PRODUCTS_DIR; };
		BCB4725C2A0719C800A7B686 /* AppDelegate.swift */ = {isa = PBXFileReference; lastKnownFileType = sourcecode.swift; path = AppDelegate.swift; sourceTree = "<group>"; };
		BCB4725E2A0719C800A7B686 /* SceneDelegate.swift */ = {isa = PBXFileReference; lastKnownFileType = sourcecode.swift; path = SceneDelegate.swift; sourceTree = "<group>"; };
		BCB472602A0719C800A7B686 /* ScratchCardsController.swift */ = {isa = PBXFileReference; lastKnownFileType = sourcecode.swift; path = ScratchCardsController.swift; sourceTree = "<group>"; };
		BCB472632A0719C800A7B686 /* Base */ = {isa = PBXFileReference; lastKnownFileType = file.storyboard; name = Base; path = Base.lproj/Main.storyboard; sourceTree = "<group>"; };
		BCB472652A0719C900A7B686 /* Assets.xcassets */ = {isa = PBXFileReference; lastKnownFileType = folder.assetcatalog; path = Assets.xcassets; sourceTree = "<group>"; };
		BCB472682A0719C900A7B686 /* Base */ = {isa = PBXFileReference; lastKnownFileType = file.storyboard; name = Base; path = Base.lproj/LaunchScreen.storyboard; sourceTree = "<group>"; };
		BCB4726A2A0719C900A7B686 /* Info.plist */ = {isa = PBXFileReference; lastKnownFileType = text.plist.xml; path = Info.plist; sourceTree = "<group>"; };
		BCB4726F2A0719C900A7B686 /* ScratchCardsTests.xctest */ = {isa = PBXFileReference; explicitFileType = wrapper.cfbundle; includeInIndex = 0; path = ScratchCardsTests.xctest; sourceTree = BUILT_PRODUCTS_DIR; };
		BCB472732A0719C900A7B686 /* ScratchCardViewModelTests.swift */ = {isa = PBXFileReference; lastKnownFileType = sourcecode.swift; path = ScratchCardViewModelTests.swift; sourceTree = "<group>"; };
		BCB472792A0719C900A7B686 /* ScratchCardsUITests.xctest */ = {isa = PBXFileReference; explicitFileType = wrapper.cfbundle; includeInIndex = 0; path = ScratchCardsUITests.xctest; sourceTree = BUILT_PRODUCTS_DIR; };
		BCB4727D2A0719C900A7B686 /* ScratchCardsUITests.swift */ = {isa = PBXFileReference; lastKnownFileType = sourcecode.swift; path = ScratchCardsUITests.swift; sourceTree = "<group>"; };
		BCB4727F2A0719C900A7B686 /* ScratchCardsUITestsLaunchTests.swift */ = {isa = PBXFileReference; lastKnownFileType = sourcecode.swift; path = ScratchCardsUITestsLaunchTests.swift; sourceTree = "<group>"; };
		BCB4728E2A0719EF00A7B686 /* Log.swift */ = {isa = PBXFileReference; fileEncoding = 4; lastKnownFileType = sourcecode.swift; path = Log.swift; sourceTree = "<group>"; };
		BCB4728F2A0719EF00A7B686 /* Const.swift */ = {isa = PBXFileReference; fileEncoding = 4; lastKnownFileType = sourcecode.swift; path = Const.swift; sourceTree = "<group>"; };
		BCB472952A0719FD00A7B686 /* Colors.xcassets */ = {isa = PBXFileReference; lastKnownFileType = folder.assetcatalog; path = Colors.xcassets; sourceTree = "<group>"; };
		BCB4729A2A071A0500A7B686 /* Kanit-Regular.ttf */ = {isa = PBXFileReference; lastKnownFileType = file; path = "Kanit-Regular.ttf"; sourceTree = "<group>"; };
		BCB4729B2A071A0500A7B686 /* Kanit-Bold.ttf */ = {isa = PBXFileReference; lastKnownFileType = file; path = "Kanit-Bold.ttf"; sourceTree = "<group>"; };
		BCB4729C2A071A0500A7B686 /* Kanit-Medium.ttf */ = {isa = PBXFileReference; lastKnownFileType = file; path = "Kanit-Medium.ttf"; sourceTree = "<group>"; };
		BCE451912A07945B00F536DF /* StandardButtonView.swift */ = {isa = PBXFileReference; fileEncoding = 4; lastKnownFileType = sourcecode.swift; path = StandardButtonView.swift; sourceTree = "<group>"; };
		BCE451922A07945B00F536DF /* StandardButtonView.xib */ = {isa = PBXFileReference; fileEncoding = 4; lastKnownFileType = file.xib; path = StandardButtonView.xib; sourceTree = "<group>"; };
		BCE451982A07950700F536DF /* UIColor+Colors.swift */ = {isa = PBXFileReference; lastKnownFileType = sourcecode.swift; path = "UIColor+Colors.swift"; sourceTree = "<group>"; };
		BCE4519A2A07952C00F536DF /* UIFont+Fonts.swift */ = {isa = PBXFileReference; lastKnownFileType = sourcecode.swift; path = "UIFont+Fonts.swift"; sourceTree = "<group>"; };
		BCE4519C2A07954B00F536DF /* Animation.swift */ = {isa = PBXFileReference; lastKnownFileType = sourcecode.swift; path = Animation.swift; sourceTree = "<group>"; };
		BCE4519E2A07962A00F536DF /* UIView+360Rotation.swift */ = {isa = PBXFileReference; fileEncoding = 4; lastKnownFileType = sourcecode.swift; path = "UIView+360Rotation.swift"; sourceTree = "<group>"; };
		BCE451A12A0798D300F536DF /* SeparatorView.xib */ = {isa = PBXFileReference; lastKnownFileType = file.xib; path = SeparatorView.xib; sourceTree = "<group>"; };
		BCE451A32A0798E200F536DF /* SeparatorView.swift */ = {isa = PBXFileReference; lastKnownFileType = sourcecode.swift; path = SeparatorView.swift; sourceTree = "<group>"; };
		BCE451A52A07999F00F536DF /* Design.swift */ = {isa = PBXFileReference; lastKnownFileType = sourcecode.swift; path = Design.swift; sourceTree = "<group>"; };
		BCE451A72A07A97400F536DF /* ScratchCodeView.swift */ = {isa = PBXFileReference; lastKnownFileType = sourcecode.swift; path = ScratchCodeView.swift; sourceTree = "<group>"; };
		BCE485992A0923C40031DD0B /* ScratchCardCell.xib */ = {isa = PBXFileReference; fileEncoding = 4; lastKnownFileType = file.xib; path = ScratchCardCell.xib; sourceTree = "<group>"; };
		BCE4859C2A0928D90031DD0B /* ScratchCardViewModel.swift */ = {isa = PBXFileReference; lastKnownFileType = sourcecode.swift; path = ScratchCardViewModel.swift; sourceTree = "<group>"; };
		BCE4859E2A092D0A0031DD0B /* Date+Format.swift */ = {isa = PBXFileReference; lastKnownFileType = sourcecode.swift; path = "Date+Format.swift"; sourceTree = "<group>"; };
		BCE485A02A092F9C0031DD0B /* ScratchCardGeneratorService.swift */ = {isa = PBXFileReference; lastKnownFileType = sourcecode.swift; path = ScratchCardGeneratorService.swift; sourceTree = "<group>"; };
/* End PBXFileReference section */

/* Begin PBXFrameworksBuildPhase section */
		BCB472562A0719C800A7B686 /* Frameworks */ = {
			isa = PBXFrameworksBuildPhase;
			buildActionMask = 2147483647;
			files = (
				BC0A6E982A08FB640086F68B /* Alamofire in Frameworks */,
			);
			runOnlyForDeploymentPostprocessing = 0;
		};
		BCB4726C2A0719C900A7B686 /* Frameworks */ = {
			isa = PBXFrameworksBuildPhase;
			buildActionMask = 2147483647;
			files = (
			);
			runOnlyForDeploymentPostprocessing = 0;
		};
		BCB472762A0719C900A7B686 /* Frameworks */ = {
			isa = PBXFrameworksBuildPhase;
			buildActionMask = 2147483647;
			files = (
			);
			runOnlyForDeploymentPostprocessing = 0;
		};
/* End PBXFrameworksBuildPhase section */

/* Begin PBXGroup section */
		BC0A6E752A08602A0086F68B /* Coordinators */ = {
			isa = PBXGroup;
			children = (
				BC0A6E782A0863F10086F68B /* AppCoordinator.swift */,
				BC0A6E762A0860570086F68B /* ScratchCardsCoordinator.swift */,
			);
			path = Coordinators;
			sourceTree = "<group>";
		};
		BC0A6E7C2A0867860086F68B /* ViewModel */ = {
			isa = PBXGroup;
			children = (
				BC0A6E7F2A0867B00086F68B /* ScratchCardsViewModel.swift */,
			);
			path = ViewModel;
			sourceTree = "<group>";
		};
		BC0A6E7D2A0867940086F68B /* Models */ = {
			isa = PBXGroup;
			children = (
				BC0A6E8C2A086FB90086F68B /* ScratchCard.swift */,
				BC0A6E8F2A08E4F80086F68B /* Versions.swift */,
			);
			path = Models;
			sourceTree = "<group>";
		};
		BC0A6E7E2A0867980086F68B /* View */ = {
			isa = PBXGroup;
			children = (
				BCB472602A0719C800A7B686 /* ScratchCardsController.swift */,
				BCB472622A0719C800A7B686 /* Main.storyboard */,
			);
			path = View;
			sourceTree = "<group>";
		};
		BC0A6E912A08E5770086F68B /* ViewModel */ = {
			isa = PBXGroup;
			children = (
				BC0A6E922A08E5ED0086F68B /* ActivateViewModel.swift */,
			);
			path = ViewModel;
			sourceTree = "<group>";
		};
		BC0A6E9E2A08FF450086F68B /* O2 API */ = {
			isa = PBXGroup;
			children = (
				BC0A6E9F2A08FF580086F68B /* O2API.swift */,
				BC0A6EA12A0903F70086F68B /* ActivationService.swift */,
			);
			path = "O2 API";
			sourceTree = "<group>";
		};
		BC0A6EA32A091C180086F68B /* View */ = {
			isa = PBXGroup;
			children = (
				BC0A6EA42A091C2D0086F68B /* ActivationController.swift */,
				BC0A6E9A2A08FF0E0086F68B /* Activation.storyboard */,
			);
			path = View;
			sourceTree = "<group>";
		};
		BC0A6EAA2A0923A00086F68B /* Scratch Card */ = {
			isa = PBXGroup;
			children = (
				BCE4859B2A0923C90031DD0B /* ViewModel */,
				BC0A6EAB2A0923AA0086F68B /* View */,
			);
			path = "Scratch Card";
			sourceTree = "<group>";
		};
		BC0A6EAB2A0923AA0086F68B /* View */ = {
			isa = PBXGroup;
			children = (
				BCE485992A0923C40031DD0B /* ScratchCardCell.xib */,
				BC0A6EA62A0922DA0086F68B /* ScratchCardCell.swift */,
			);
			path = View;
			sourceTree = "<group>";
		};
		BC6E0E3A2A09ADD40041CB36 /* ViewModel */ = {
			isa = PBXGroup;
			children = (
				BC6E0E3B2A09ADDF0041CB36 /* RevelationViewModel.swift */,
			);
			path = ViewModel;
			sourceTree = "<group>";
		};
		BC6E0E3F2A0A85450041CB36 /* View */ = {
			isa = PBXGroup;
			children = (
				BC0A6E9C2A08FF2A0086F68B /* Revelation.storyboard */,
				BC6E0E382A09A89C0041CB36 /* RevelationController.swift */,
			);
			path = View;
			sourceTree = "<group>";
		};
		BC81079A2A08139C009BAA6C /* Scratch Card */ = {
			isa = PBXGroup;
			children = (
				BC8107982A07FAD5009BAA6C /* ScratchCardView.swift */,
				BC9349012A081EA300579051 /* ScratchCardView.xib */,
			);
			path = "Scratch Card";
			sourceTree = "<group>";
		};
		BC81079B2A0813AE009BAA6C /* Scratch Code */ = {
			isa = PBXGroup;
			children = (
				BCE451A72A07A97400F536DF /* ScratchCodeView.swift */,
				BC0A6E732A085FB80086F68B /* ScratchCodeView.xib */,
			);
			path = "Scratch Code";
			sourceTree = "<group>";
		};
		BC93490D2A08411200579051 /* Base */ = {
			isa = PBXGroup;
			children = (
				BC9349122A0851B200579051 /* ViewModelContainer.swift */,
				BC9349132A0851B300579051 /* ViewModelType.swift */,
				BC0A6E7A2A08646B0086F68B /* Coordinator.swift */,
			);
			path = Base;
			sourceTree = "<group>";
		};
		BC9349162A0855BB00579051 /* Modules */ = {
			isa = PBXGroup;
			children = (
				BC0A6E752A08602A0086F68B /* Coordinators */,
				BCB472A12A071A3D00A7B686 /* Scratch Cards */,
				BCB472942A0719F800A7B686 /* Activation */,
				BCB472932A0719F800A7B686 /* Revelation */,
			);
			path = Modules;
			sourceTree = "<group>";
		};
		BCB472502A0719C800A7B686 = {
			isa = PBXGroup;
			children = (
				BCB4725B2A0719C800A7B686 /* ScratchCards */,
				BCB472722A0719C900A7B686 /* ScratchCardsTests */,
				BCB4727C2A0719C900A7B686 /* ScratchCardsUITests */,
				BCB4725A2A0719C800A7B686 /* Products */,
			);
			sourceTree = "<group>";
		};
		BCB4725A2A0719C800A7B686 /* Products */ = {
			isa = PBXGroup;
			children = (
				BCB472592A0719C800A7B686 /* ScratchCards.app */,
				BCB4726F2A0719C900A7B686 /* ScratchCardsTests.xctest */,
				BCB472792A0719C900A7B686 /* ScratchCardsUITests.xctest */,
			);
			name = Products;
			sourceTree = "<group>";
		};
		BCB4725B2A0719C800A7B686 /* ScratchCards */ = {
			isa = PBXGroup;
			children = (
				BC93490D2A08411200579051 /* Base */,
				BCB4728D2A0719EF00A7B686 /* Utilities */,
				BCB4728C2A0719EF00A7B686 /* Services */,
				BC0A6E7D2A0867940086F68B /* Models */,
				BC9349162A0855BB00579051 /* Modules */,
				BCE451952A0794B400F536DF /* Components */,
				BCE451972A0794EC00F536DF /* Design */,
				BCB4725C2A0719C800A7B686 /* AppDelegate.swift */,
				BCB4725E2A0719C800A7B686 /* SceneDelegate.swift */,
				BCB472672A0719C900A7B686 /* LaunchScreen.storyboard */,
				BCB4726A2A0719C900A7B686 /* Info.plist */,
				BCB472992A071A0500A7B686 /* Fonts */,
				BCB472972A071A0500A7B686 /* Localization */,
			);
			path = ScratchCards;
			sourceTree = "<group>";
		};
		BCB472722A0719C900A7B686 /* ScratchCardsTests */ = {
			isa = PBXGroup;
			children = (
				BC6E0E422A0AAE060041CB36 /* ScratchCardsCoordinatorTests.swift */,
				BCB472732A0719C900A7B686 /* ScratchCardViewModelTests.swift */,
				BC6E0E462A0ABD100041CB36 /* RevelationViewModelTests.swift */,
				BC6E0E482A0ABD190041CB36 /* ActivationViewModelTests.swift */,
				BC6E0E4A2A0AC3830041CB36 /* ActivationServiceMock.swift */,
			);
			path = ScratchCardsTests;
			sourceTree = "<group>";
		};
		BCB4727C2A0719C900A7B686 /* ScratchCardsUITests */ = {
			isa = PBXGroup;
			children = (
				BCB4727D2A0719C900A7B686 /* ScratchCardsUITests.swift */,
				BCB4727F2A0719C900A7B686 /* ScratchCardsUITestsLaunchTests.swift */,
			);
			path = ScratchCardsUITests;
			sourceTree = "<group>";
		};
		BCB4728C2A0719EF00A7B686 /* Services */ = {
			isa = PBXGroup;
			children = (
				BC0A6E942A08FA990086F68B /* NetworkService.swift */,
				BCE485A02A092F9C0031DD0B /* ScratchCardGeneratorService.swift */,
				BC0A6E9E2A08FF450086F68B /* O2 API */,
			);
			path = Services;
			sourceTree = "<group>";
		};
		BCB4728D2A0719EF00A7B686 /* Utilities */ = {
			isa = PBXGroup;
			children = (
				BCB4728E2A0719EF00A7B686 /* Log.swift */,
				BCB4728F2A0719EF00A7B686 /* Const.swift */,
				BCE4519E2A07962A00F536DF /* UIView+360Rotation.swift */,
				BCE4859E2A092D0A0031DD0B /* Date+Format.swift */,
			);
			path = Utilities;
			sourceTree = "<group>";
		};
		BCB472932A0719F800A7B686 /* Revelation */ = {
			isa = PBXGroup;
			children = (
				BC6E0E3A2A09ADD40041CB36 /* ViewModel */,
				BC6E0E3F2A0A85450041CB36 /* View */,
			);
			path = Revelation;
			sourceTree = "<group>";
		};
		BCB472942A0719F800A7B686 /* Activation */ = {
			isa = PBXGroup;
			children = (
				BC0A6E912A08E5770086F68B /* ViewModel */,
				BC0A6EA32A091C180086F68B /* View */,
			);
			path = Activation;
			sourceTree = "<group>";
		};
		BCB472972A071A0500A7B686 /* Localization */ = {
			isa = PBXGroup;
			children = (
				BC0A6E8A2A086D5F0086F68B /* Localizable.strings */,
			);
			path = Localization;
			sourceTree = "<group>";
		};
		BCB472992A071A0500A7B686 /* Fonts */ = {
			isa = PBXGroup;
			children = (
				BCB4729A2A071A0500A7B686 /* Kanit-Regular.ttf */,
				BCB4729B2A071A0500A7B686 /* Kanit-Bold.ttf */,
				BCB4729C2A071A0500A7B686 /* Kanit-Medium.ttf */,
			);
			path = Fonts;
			sourceTree = "<group>";
		};
		BCB472A12A071A3D00A7B686 /* Scratch Cards */ = {
			isa = PBXGroup;
			children = (
				BC0A6EAA2A0923A00086F68B /* Scratch Card */,
				BC0A6E7C2A0867860086F68B /* ViewModel */,
				BC0A6E7E2A0867980086F68B /* View */,
			);
			path = "Scratch Cards";
			sourceTree = "<group>";
		};
		BCE451952A0794B400F536DF /* Components */ = {
			isa = PBXGroup;
			children = (
				BC81079B2A0813AE009BAA6C /* Scratch Code */,
				BC81079A2A08139C009BAA6C /* Scratch Card */,
				BCE451A02A0798CB00F536DF /* Separator */,
				BCE451962A0794CA00F536DF /* Standard Button */,
			);
			path = Components;
			sourceTree = "<group>";
		};
		BCE451962A0794CA00F536DF /* Standard Button */ = {
			isa = PBXGroup;
			children = (
				BCE451912A07945B00F536DF /* StandardButtonView.swift */,
				BCE451922A07945B00F536DF /* StandardButtonView.xib */,
			);
			path = "Standard Button";
			sourceTree = "<group>";
		};
		BCE451972A0794EC00F536DF /* Design */ = {
			isa = PBXGroup;
			children = (
				BCE451A52A07999F00F536DF /* Design.swift */,
				BCE451982A07950700F536DF /* UIColor+Colors.swift */,
				BCE4519A2A07952C00F536DF /* UIFont+Fonts.swift */,
				BCE4519C2A07954B00F536DF /* Animation.swift */,
				BCB472952A0719FD00A7B686 /* Colors.xcassets */,
				BCB472652A0719C900A7B686 /* Assets.xcassets */,
			);
			path = Design;
			sourceTree = "<group>";
		};
		BCE451A02A0798CB00F536DF /* Separator */ = {
			isa = PBXGroup;
			children = (
				BCE451A32A0798E200F536DF /* SeparatorView.swift */,
				BCE451A12A0798D300F536DF /* SeparatorView.xib */,
			);
			path = Separator;
			sourceTree = "<group>";
		};
		BCE4859B2A0923C90031DD0B /* ViewModel */ = {
			isa = PBXGroup;
			children = (
				BCE4859C2A0928D90031DD0B /* ScratchCardViewModel.swift */,
			);
			path = ViewModel;
			sourceTree = "<group>";
		};
/* End PBXGroup section */

/* Begin PBXNativeTarget section */
		BCB472582A0719C800A7B686 /* ScratchCards */ = {
			isa = PBXNativeTarget;
			buildConfigurationList = BCB472832A0719C900A7B686 /* Build configuration list for PBXNativeTarget "ScratchCards" */;
			buildPhases = (
				BCB472552A0719C800A7B686 /* Sources */,
				BCB472562A0719C800A7B686 /* Frameworks */,
				BCB472572A0719C800A7B686 /* Resources */,
			);
			buildRules = (
			);
			dependencies = (
			);
			name = ScratchCards;
			packageProductDependencies = (
				BC0A6E972A08FB640086F68B /* Alamofire */,
			);
			productName = ScratchCards;
			productReference = BCB472592A0719C800A7B686 /* ScratchCards.app */;
			productType = "com.apple.product-type.application";
		};
		BCB4726E2A0719C900A7B686 /* ScratchCardsTests */ = {
			isa = PBXNativeTarget;
			buildConfigurationList = BCB472862A0719C900A7B686 /* Build configuration list for PBXNativeTarget "ScratchCardsTests" */;
			buildPhases = (
				BCB4726B2A0719C900A7B686 /* Sources */,
				BCB4726C2A0719C900A7B686 /* Frameworks */,
				BCB4726D2A0719C900A7B686 /* Resources */,
			);
			buildRules = (
			);
			dependencies = (
				BCB472712A0719C900A7B686 /* PBXTargetDependency */,
			);
			name = ScratchCardsTests;
			productName = ScratchCardsTests;
			productReference = BCB4726F2A0719C900A7B686 /* ScratchCardsTests.xctest */;
			productType = "com.apple.product-type.bundle.unit-test";
		};
		BCB472782A0719C900A7B686 /* ScratchCardsUITests */ = {
			isa = PBXNativeTarget;
			buildConfigurationList = BCB472892A0719C900A7B686 /* Build configuration list for PBXNativeTarget "ScratchCardsUITests" */;
			buildPhases = (
				BCB472752A0719C900A7B686 /* Sources */,
				BCB472762A0719C900A7B686 /* Frameworks */,
				BCB472772A0719C900A7B686 /* Resources */,
			);
			buildRules = (
			);
			dependencies = (
				BCB4727B2A0719C900A7B686 /* PBXTargetDependency */,
			);
			name = ScratchCardsUITests;
			productName = ScratchCardsUITests;
			productReference = BCB472792A0719C900A7B686 /* ScratchCardsUITests.xctest */;
			productType = "com.apple.product-type.bundle.ui-testing";
		};
/* End PBXNativeTarget section */

/* Begin PBXProject section */
		BCB472512A0719C800A7B686 /* Project object */ = {
			isa = PBXProject;
			attributes = {
				BuildIndependentTargetsInParallel = 1;
				LastSwiftUpdateCheck = 1420;
				LastUpgradeCheck = 1420;
				TargetAttributes = {
					BCB472582A0719C800A7B686 = {
						CreatedOnToolsVersion = 14.2;
					};
					BCB4726E2A0719C900A7B686 = {
						CreatedOnToolsVersion = 14.2;
						TestTargetID = BCB472582A0719C800A7B686;
					};
					BCB472782A0719C900A7B686 = {
						CreatedOnToolsVersion = 14.2;
						TestTargetID = BCB472582A0719C800A7B686;
					};
				};
			};
			buildConfigurationList = BCB472542A0719C800A7B686 /* Build configuration list for PBXProject "ScratchCards" */;
			compatibilityVersion = "Xcode 14.0";
			developmentRegion = en;
			hasScannedForEncodings = 0;
			knownRegions = (
				en,
				Base,
			);
			mainGroup = BCB472502A0719C800A7B686;
			packageReferences = (
				BC0A6E962A08FB640086F68B /* XCRemoteSwiftPackageReference "Alamofire" */,
			);
			productRefGroup = BCB4725A2A0719C800A7B686 /* Products */;
			projectDirPath = "";
			projectRoot = "";
			targets = (
				BCB472582A0719C800A7B686 /* ScratchCards */,
				BCB4726E2A0719C900A7B686 /* ScratchCardsTests */,
				BCB472782A0719C900A7B686 /* ScratchCardsUITests */,
			);
		};
/* End PBXProject section */

/* Begin PBXResourcesBuildPhase section */
		BCB472572A0719C800A7B686 /* Resources */ = {
			isa = PBXResourcesBuildPhase;
			buildActionMask = 2147483647;
			files = (
				BCE4859A2A0923C40031DD0B /* ScratchCardCell.xib in Resources */,
				BCB472692A0719C900A7B686 /* LaunchScreen.storyboard in Resources */,
				BC0A6E882A086D5F0086F68B /* Localizable.strings in Resources */,
				BC0A6E9B2A08FF0E0086F68B /* Activation.storyboard in Resources */,
				BCB472A02A071A0500A7B686 /* Kanit-Medium.ttf in Resources */,
				BCE451A22A0798D300F536DF /* SeparatorView.xib in Resources */,
				BCB4729F2A071A0500A7B686 /* Kanit-Bold.ttf in Resources */,
				BCE451942A07945B00F536DF /* StandardButtonView.xib in Resources */,
				BCB472962A0719FD00A7B686 /* Colors.xcassets in Resources */,
				BCB472662A0719C900A7B686 /* Assets.xcassets in Resources */,
				BC0A6E9D2A08FF2A0086F68B /* Revelation.storyboard in Resources */,
				BC9349022A081EA300579051 /* ScratchCardView.xib in Resources */,
				BCB472642A0719C800A7B686 /* Main.storyboard in Resources */,
				BC0A6E742A085FB80086F68B /* ScratchCodeView.xib in Resources */,
				BCB4729E2A071A0500A7B686 /* Kanit-Regular.ttf in Resources */,
			);
			runOnlyForDeploymentPostprocessing = 0;
		};
		BCB4726D2A0719C900A7B686 /* Resources */ = {
			isa = PBXResourcesBuildPhase;
			buildActionMask = 2147483647;
			files = (
			);
			runOnlyForDeploymentPostprocessing = 0;
		};
		BCB472772A0719C900A7B686 /* Resources */ = {
			isa = PBXResourcesBuildPhase;
			buildActionMask = 2147483647;
			files = (
			);
			runOnlyForDeploymentPostprocessing = 0;
		};
/* End PBXResourcesBuildPhase section */

/* Begin PBXSourcesBuildPhase section */
		BCB472552A0719C800A7B686 /* Sources */ = {
			isa = PBXSourcesBuildPhase;
			buildActionMask = 2147483647;
			files = (
				BC0A6EA52A091C2D0086F68B /* ActivationController.swift in Sources */,
				BC0A6E902A08E4F80086F68B /* Versions.swift in Sources */,
				BCE451A42A0798E200F536DF /* SeparatorView.swift in Sources */,
				BC6E0E3C2A09ADDF0041CB36 /* RevelationViewModel.swift in Sources */,
				BCE4519B2A07952C00F536DF /* UIFont+Fonts.swift in Sources */,
				BCB472612A0719C800A7B686 /* ScratchCardsController.swift in Sources */,
				BC0A6E8D2A086FB90086F68B /* ScratchCard.swift in Sources */,
				BCE4859F2A092D0A0031DD0B /* Date+Format.swift in Sources */,
				BC0A6E802A0867B00086F68B /* ScratchCardsViewModel.swift in Sources */,
				BC9349142A0851B300579051 /* ViewModelContainer.swift in Sources */,
				BCB4725D2A0719C800A7B686 /* AppDelegate.swift in Sources */,
				BC0A6E772A0860570086F68B /* ScratchCardsCoordinator.swift in Sources */,
				BC0A6E7B2A08646B0086F68B /* Coordinator.swift in Sources */,
				BC0A6E952A08FA990086F68B /* NetworkService.swift in Sources */,
				BC0A6EA02A08FF580086F68B /* O2API.swift in Sources */,
				BC0A6E792A0863F10086F68B /* AppCoordinator.swift in Sources */,
				BC0A6EA82A0922DA0086F68B /* ScratchCardCell.swift in Sources */,
				BCE451932A07945B00F536DF /* StandardButtonView.swift in Sources */,
				BCE451992A07950700F536DF /* UIColor+Colors.swift in Sources */,
				BC6E0E392A09A89C0041CB36 /* RevelationController.swift in Sources */,
				BCB472912A0719EF00A7B686 /* Log.swift in Sources */,
				BC8107992A07FAD5009BAA6C /* ScratchCardView.swift in Sources */,
				BCB4725F2A0719C800A7B686 /* SceneDelegate.swift in Sources */,
				BCE4519D2A07954B00F536DF /* Animation.swift in Sources */,
				BCE485A12A092F9C0031DD0B /* ScratchCardGeneratorService.swift in Sources */,
				BCE451A82A07A97400F536DF /* ScratchCodeView.swift in Sources */,
				BCE451A62A07999F00F536DF /* Design.swift in Sources */,
				BC0A6E932A08E5ED0086F68B /* ActivateViewModel.swift in Sources */,
				BC9349152A0851B300579051 /* ViewModelType.swift in Sources */,
				BCE4519F2A07962A00F536DF /* UIView+360Rotation.swift in Sources */,
				BCB472922A0719EF00A7B686 /* Const.swift in Sources */,
				BC0A6EA22A0903F70086F68B /* ActivationService.swift in Sources */,
				BCE4859D2A0928D90031DD0B /* ScratchCardViewModel.swift in Sources */,
			);
			runOnlyForDeploymentPostprocessing = 0;
		};
		BCB4726B2A0719C900A7B686 /* Sources */ = {
			isa = PBXSourcesBuildPhase;
			buildActionMask = 2147483647;
			files = (
				BC6E0E472A0ABD100041CB36 /* RevelationViewModelTests.swift in Sources */,
				BCB472742A0719C900A7B686 /* ScratchCardViewModelTests.swift in Sources */,
				BC6E0E492A0ABD190041CB36 /* ActivationViewModelTests.swift in Sources */,
				BC6E0E4B2A0AC3830041CB36 /* ActivationServiceMock.swift in Sources */,
				BC6E0E432A0AAE060041CB36 /* ScratchCardsCoordinatorTests.swift in Sources */,
			);
			runOnlyForDeploymentPostprocessing = 0;
		};
		BCB472752A0719C900A7B686 /* Sources */ = {
			isa = PBXSourcesBuildPhase;
			buildActionMask = 2147483647;
			files = (
				BCB4727E2A0719C900A7B686 /* ScratchCardsUITests.swift in Sources */,
				BCB472802A0719C900A7B686 /* ScratchCardsUITestsLaunchTests.swift in Sources */,
			);
			runOnlyForDeploymentPostprocessing = 0;
		};
/* End PBXSourcesBuildPhase section */

/* Begin PBXTargetDependency section */
		BCB472712A0719C900A7B686 /* PBXTargetDependency */ = {
			isa = PBXTargetDependency;
			target = BCB472582A0719C800A7B686 /* ScratchCards */;
			targetProxy = BCB472702A0719C900A7B686 /* PBXContainerItemProxy */;
		};
		BCB4727B2A0719C900A7B686 /* PBXTargetDependency */ = {
			isa = PBXTargetDependency;
			target = BCB472582A0719C800A7B686 /* ScratchCards */;
			targetProxy = BCB4727A2A0719C900A7B686 /* PBXContainerItemProxy */;
		};
/* End PBXTargetDependency section */

/* Begin PBXVariantGroup section */
		BC0A6E8A2A086D5F0086F68B /* Localizable.strings */ = {
			isa = PBXVariantGroup;
			children = (
				BC0A6E892A086D5F0086F68B /* en */,
			);
			name = Localizable.strings;
			sourceTree = "<group>";
		};
		BCB472622A0719C800A7B686 /* Main.storyboard */ = {
			isa = PBXVariantGroup;
			children = (
				BCB472632A0719C800A7B686 /* Base */,
			);
			name = Main.storyboard;
			sourceTree = "<group>";
		};
		BCB472672A0719C900A7B686 /* LaunchScreen.storyboard */ = {
			isa = PBXVariantGroup;
			children = (
				BCB472682A0719C900A7B686 /* Base */,
			);
			name = LaunchScreen.storyboard;
			sourceTree = "<group>";
		};
/* End PBXVariantGroup section */

/* Begin XCBuildConfiguration section */
		BCB472812A0719C900A7B686 /* Debug */ = {
			isa = XCBuildConfiguration;
			buildSettings = {
				ALWAYS_SEARCH_USER_PATHS = NO;
				CLANG_ANALYZER_NONNULL = YES;
				CLANG_ANALYZER_NUMBER_OBJECT_CONVERSION = YES_AGGRESSIVE;
				CLANG_CXX_LANGUAGE_STANDARD = "gnu++20";
				CLANG_ENABLE_MODULES = YES;
				CLANG_ENABLE_OBJC_ARC = YES;
				CLANG_ENABLE_OBJC_WEAK = YES;
				CLANG_WARN_BLOCK_CAPTURE_AUTORELEASING = YES;
				CLANG_WARN_BOOL_CONVERSION = YES;
				CLANG_WARN_COMMA = YES;
				CLANG_WARN_CONSTANT_CONVERSION = YES;
				CLANG_WARN_DEPRECATED_OBJC_IMPLEMENTATIONS = YES;
				CLANG_WARN_DIRECT_OBJC_ISA_USAGE = YES_ERROR;
				CLANG_WARN_DOCUMENTATION_COMMENTS = YES;
				CLANG_WARN_EMPTY_BODY = YES;
				CLANG_WARN_ENUM_CONVERSION = YES;
				CLANG_WARN_INFINITE_RECURSION = YES;
				CLANG_WARN_INT_CONVERSION = YES;
				CLANG_WARN_NON_LITERAL_NULL_CONVERSION = YES;
				CLANG_WARN_OBJC_IMPLICIT_RETAIN_SELF = YES;
				CLANG_WARN_OBJC_LITERAL_CONVERSION = YES;
				CLANG_WARN_OBJC_ROOT_CLASS = YES_ERROR;
				CLANG_WARN_QUOTED_INCLUDE_IN_FRAMEWORK_HEADER = YES;
				CLANG_WARN_RANGE_LOOP_ANALYSIS = YES;
				CLANG_WARN_STRICT_PROTOTYPES = YES;
				CLANG_WARN_SUSPICIOUS_MOVE = YES;
				CLANG_WARN_UNGUARDED_AVAILABILITY = YES_AGGRESSIVE;
				CLANG_WARN_UNREACHABLE_CODE = YES;
				CLANG_WARN__DUPLICATE_METHOD_MATCH = YES;
				COPY_PHASE_STRIP = NO;
				DEBUG_INFORMATION_FORMAT = dwarf;
				ENABLE_STRICT_OBJC_MSGSEND = YES;
				ENABLE_TESTABILITY = YES;
				GCC_C_LANGUAGE_STANDARD = gnu11;
				GCC_DYNAMIC_NO_PIC = NO;
				GCC_NO_COMMON_BLOCKS = YES;
				GCC_OPTIMIZATION_LEVEL = 0;
				GCC_PREPROCESSOR_DEFINITIONS = (
					"DEBUG=1",
					"$(inherited)",
				);
				GCC_WARN_64_TO_32_BIT_CONVERSION = YES;
				GCC_WARN_ABOUT_RETURN_TYPE = YES_ERROR;
				GCC_WARN_UNDECLARED_SELECTOR = YES;
				GCC_WARN_UNINITIALIZED_AUTOS = YES_AGGRESSIVE;
				GCC_WARN_UNUSED_FUNCTION = YES;
				GCC_WARN_UNUSED_VARIABLE = YES;
				IPHONEOS_DEPLOYMENT_TARGET = 14.0;
				MTL_ENABLE_DEBUG_INFO = INCLUDE_SOURCE;
				MTL_FAST_MATH = YES;
				ONLY_ACTIVE_ARCH = YES;
				SDKROOT = iphoneos;
				SWIFT_ACTIVE_COMPILATION_CONDITIONS = DEBUG;
				SWIFT_OPTIMIZATION_LEVEL = "-Onone";
			};
			name = Debug;
		};
		BCB472822A0719C900A7B686 /* Release */ = {
			isa = XCBuildConfiguration;
			buildSettings = {
				ALWAYS_SEARCH_USER_PATHS = NO;
				CLANG_ANALYZER_NONNULL = YES;
				CLANG_ANALYZER_NUMBER_OBJECT_CONVERSION = YES_AGGRESSIVE;
				CLANG_CXX_LANGUAGE_STANDARD = "gnu++20";
				CLANG_ENABLE_MODULES = YES;
				CLANG_ENABLE_OBJC_ARC = YES;
				CLANG_ENABLE_OBJC_WEAK = YES;
				CLANG_WARN_BLOCK_CAPTURE_AUTORELEASING = YES;
				CLANG_WARN_BOOL_CONVERSION = YES;
				CLANG_WARN_COMMA = YES;
				CLANG_WARN_CONSTANT_CONVERSION = YES;
				CLANG_WARN_DEPRECATED_OBJC_IMPLEMENTATIONS = YES;
				CLANG_WARN_DIRECT_OBJC_ISA_USAGE = YES_ERROR;
				CLANG_WARN_DOCUMENTATION_COMMENTS = YES;
				CLANG_WARN_EMPTY_BODY = YES;
				CLANG_WARN_ENUM_CONVERSION = YES;
				CLANG_WARN_INFINITE_RECURSION = YES;
				CLANG_WARN_INT_CONVERSION = YES;
				CLANG_WARN_NON_LITERAL_NULL_CONVERSION = YES;
				CLANG_WARN_OBJC_IMPLICIT_RETAIN_SELF = YES;
				CLANG_WARN_OBJC_LITERAL_CONVERSION = YES;
				CLANG_WARN_OBJC_ROOT_CLASS = YES_ERROR;
				CLANG_WARN_QUOTED_INCLUDE_IN_FRAMEWORK_HEADER = YES;
				CLANG_WARN_RANGE_LOOP_ANALYSIS = YES;
				CLANG_WARN_STRICT_PROTOTYPES = YES;
				CLANG_WARN_SUSPICIOUS_MOVE = YES;
				CLANG_WARN_UNGUARDED_AVAILABILITY = YES_AGGRESSIVE;
				CLANG_WARN_UNREACHABLE_CODE = YES;
				CLANG_WARN__DUPLICATE_METHOD_MATCH = YES;
				COPY_PHASE_STRIP = NO;
				DEBUG_INFORMATION_FORMAT = "dwarf-with-dsym";
				ENABLE_NS_ASSERTIONS = NO;
				ENABLE_STRICT_OBJC_MSGSEND = YES;
				GCC_C_LANGUAGE_STANDARD = gnu11;
				GCC_NO_COMMON_BLOCKS = YES;
				GCC_WARN_64_TO_32_BIT_CONVERSION = YES;
				GCC_WARN_ABOUT_RETURN_TYPE = YES_ERROR;
				GCC_WARN_UNDECLARED_SELECTOR = YES;
				GCC_WARN_UNINITIALIZED_AUTOS = YES_AGGRESSIVE;
				GCC_WARN_UNUSED_FUNCTION = YES;
				GCC_WARN_UNUSED_VARIABLE = YES;
				IPHONEOS_DEPLOYMENT_TARGET = 14.0;
				MTL_ENABLE_DEBUG_INFO = NO;
				MTL_FAST_MATH = YES;
				SDKROOT = iphoneos;
				SWIFT_COMPILATION_MODE = wholemodule;
				SWIFT_OPTIMIZATION_LEVEL = "-O";
				VALIDATE_PRODUCT = YES;
			};
			name = Release;
		};
		BCB472842A0719C900A7B686 /* Debug */ = {
			isa = XCBuildConfiguration;
			buildSettings = {
				ASSETCATALOG_COMPILER_APPICON_NAME = AppIcon;
				ASSETCATALOG_COMPILER_GLOBAL_ACCENT_COLOR_NAME = AccentColor;
				CODE_SIGN_STYLE = Automatic;
				CURRENT_PROJECT_VERSION = 1;
				DEVELOPMENT_TEAM = NBK597F2XX;
				GENERATE_INFOPLIST_FILE = YES;
				INFOPLIST_FILE = ScratchCards/Info.plist;
				INFOPLIST_KEY_UIApplicationSupportsIndirectInputEvents = YES;
				INFOPLIST_KEY_UILaunchStoryboardName = LaunchScreen;
				INFOPLIST_KEY_UIMainStoryboardFile = Main;
				INFOPLIST_KEY_UISupportedInterfaceOrientations_iPad = "UIInterfaceOrientationPortrait UIInterfaceOrientationPortraitUpsideDown UIInterfaceOrientationLandscapeLeft UIInterfaceOrientationLandscapeRight";
				INFOPLIST_KEY_UISupportedInterfaceOrientations_iPhone = "UIInterfaceOrientationPortrait UIInterfaceOrientationLandscapeLeft UIInterfaceOrientationLandscapeRight";
				LD_RUNPATH_SEARCH_PATHS = (
					"$(inherited)",
					"@executable_path/Frameworks",
				);
				MARKETING_VERSION = 1.0;
				PRODUCT_BUNDLE_IDENTIFIER = com.balaz.scratchcards;
				PRODUCT_NAME = "$(TARGET_NAME)";
				SWIFT_EMIT_LOC_STRINGS = YES;
				SWIFT_VERSION = 5.0;
				TARGETED_DEVICE_FAMILY = "1,2";
			};
			name = Debug;
		};
		BCB472852A0719C900A7B686 /* Release */ = {
			isa = XCBuildConfiguration;
			buildSettings = {
				ASSETCATALOG_COMPILER_APPICON_NAME = AppIcon;
				ASSETCATALOG_COMPILER_GLOBAL_ACCENT_COLOR_NAME = AccentColor;
				CODE_SIGN_STYLE = Automatic;
				CURRENT_PROJECT_VERSION = 1;
				DEVELOPMENT_TEAM = NBK597F2XX;
				GENERATE_INFOPLIST_FILE = YES;
				INFOPLIST_FILE = ScratchCards/Info.plist;
				INFOPLIST_KEY_UIApplicationSupportsIndirectInputEvents = YES;
				INFOPLIST_KEY_UILaunchStoryboardName = LaunchScreen;
				INFOPLIST_KEY_UIMainStoryboardFile = Main;
				INFOPLIST_KEY_UISupportedInterfaceOrientations_iPad = "UIInterfaceOrientationPortrait UIInterfaceOrientationPortraitUpsideDown UIInterfaceOrientationLandscapeLeft UIInterfaceOrientationLandscapeRight";
				INFOPLIST_KEY_UISupportedInterfaceOrientations_iPhone = "UIInterfaceOrientationPortrait UIInterfaceOrientationLandscapeLeft UIInterfaceOrientationLandscapeRight";
				LD_RUNPATH_SEARCH_PATHS = (
					"$(inherited)",
					"@executable_path/Frameworks",
				);
				MARKETING_VERSION = 1.0;
				PRODUCT_BUNDLE_IDENTIFIER = com.balaz.scratchcards;
				PRODUCT_NAME = "$(TARGET_NAME)";
				SWIFT_EMIT_LOC_STRINGS = YES;
				SWIFT_VERSION = 5.0;
				TARGETED_DEVICE_FAMILY = "1,2";
			};
			name = Release;
		};
		BCB472872A0719C900A7B686 /* Debug */ = {
			isa = XCBuildConfiguration;
			buildSettings = {
				ALWAYS_EMBED_SWIFT_STANDARD_LIBRARIES = YES;
				BUNDLE_LOADER = "$(TEST_HOST)";
				CODE_SIGN_STYLE = Automatic;
				CURRENT_PROJECT_VERSION = 1;
				DEVELOPMENT_TEAM = NBK597F2XX;
				GENERATE_INFOPLIST_FILE = YES;
				IPHONEOS_DEPLOYMENT_TARGET = 14.0;
				MARKETING_VERSION = 1.0;
				PRODUCT_BUNDLE_IDENTIFIER = com.balaz.scratchcards;
				PRODUCT_NAME = "$(TARGET_NAME)";
				SWIFT_EMIT_LOC_STRINGS = NO;
				SWIFT_VERSION = 5.0;
				TARGETED_DEVICE_FAMILY = "1,2";
				TEST_HOST = "$(BUILT_PRODUCTS_DIR)/ScratchCards.app/$(BUNDLE_EXECUTABLE_FOLDER_PATH)/ScratchCards";
			};
			name = Debug;
		};
		BCB472882A0719C900A7B686 /* Release */ = {
			isa = XCBuildConfiguration;
			buildSettings = {
				ALWAYS_EMBED_SWIFT_STANDARD_LIBRARIES = YES;
				BUNDLE_LOADER = "$(TEST_HOST)";
				CODE_SIGN_STYLE = Automatic;
				CURRENT_PROJECT_VERSION = 1;
				DEVELOPMENT_TEAM = NBK597F2XX;
				GENERATE_INFOPLIST_FILE = YES;
				IPHONEOS_DEPLOYMENT_TARGET = 14.0;
				MARKETING_VERSION = 1.0;
				PRODUCT_BUNDLE_IDENTIFIER = com.balaz.scratchcards;
				PRODUCT_NAME = "$(TARGET_NAME)";
				SWIFT_EMIT_LOC_STRINGS = NO;
				SWIFT_VERSION = 5.0;
				TARGETED_DEVICE_FAMILY = "1,2";
				TEST_HOST = "$(BUILT_PRODUCTS_DIR)/ScratchCards.app/$(BUNDLE_EXECUTABLE_FOLDER_PATH)/ScratchCards";
			};
			name = Release;
		};
		BCB4728A2A0719C900A7B686 /* Debug */ = {
			isa = XCBuildConfiguration;
			buildSettings = {
				ALWAYS_EMBED_SWIFT_STANDARD_LIBRARIES = YES;
				CODE_SIGN_STYLE = Automatic;
				CURRENT_PROJECT_VERSION = 1;
				DEVELOPMENT_TEAM = NBK597F2XX;
				GENERATE_INFOPLIST_FILE = YES;
				MARKETING_VERSION = 1.0;
				PRODUCT_BUNDLE_IDENTIFIER = com.balaz.scratchcards;
				PRODUCT_NAME = "$(TARGET_NAME)";
				SWIFT_EMIT_LOC_STRINGS = NO;
				SWIFT_VERSION = 5.0;
				TARGETED_DEVICE_FAMILY = "1,2";
				TEST_TARGET_NAME = ScratchCards;
			};
			name = Debug;
		};
		BCB4728B2A0719C900A7B686 /* Release */ = {
			isa = XCBuildConfiguration;
			buildSettings = {
				ALWAYS_EMBED_SWIFT_STANDARD_LIBRARIES = YES;
				CODE_SIGN_STYLE = Automatic;
				CURRENT_PROJECT_VERSION = 1;
				DEVELOPMENT_TEAM = NBK597F2XX;
				GENERATE_INFOPLIST_FILE = YES;
				MARKETING_VERSION = 1.0;
				PRODUCT_BUNDLE_IDENTIFIER = com.balaz.scratchcards;
				PRODUCT_NAME = "$(TARGET_NAME)";
				SWIFT_EMIT_LOC_STRINGS = NO;
				SWIFT_VERSION = 5.0;
				TARGETED_DEVICE_FAMILY = "1,2";
				TEST_TARGET_NAME = ScratchCards;
			};
			name = Release;
		};
/* End XCBuildConfiguration section */

/* Begin XCConfigurationList section */
		BCB472542A0719C800A7B686 /* Build configuration list for PBXProject "ScratchCards" */ = {
			isa = XCConfigurationList;
			buildConfigurations = (
				BCB472812A0719C900A7B686 /* Debug */,
				BCB472822A0719C900A7B686 /* Release */,
			);
			defaultConfigurationIsVisible = 0;
			defaultConfigurationName = Release;
		};
		BCB472832A0719C900A7B686 /* Build configuration list for PBXNativeTarget "ScratchCards" */ = {
			isa = XCConfigurationList;
			buildConfigurations = (
				BCB472842A0719C900A7B686 /* Debug */,
				BCB472852A0719C900A7B686 /* Release */,
			);
			defaultConfigurationIsVisible = 0;
			defaultConfigurationName = Release;
		};
		BCB472862A0719C900A7B686 /* Build configuration list for PBXNativeTarget "ScratchCardsTests" */ = {
			isa = XCConfigurationList;
			buildConfigurations = (
				BCB472872A0719C900A7B686 /* Debug */,
				BCB472882A0719C900A7B686 /* Release */,
			);
			defaultConfigurationIsVisible = 0;
			defaultConfigurationName = Release;
		};
		BCB472892A0719C900A7B686 /* Build configuration list for PBXNativeTarget "ScratchCardsUITests" */ = {
			isa = XCConfigurationList;
			buildConfigurations = (
				BCB4728A2A0719C900A7B686 /* Debug */,
				BCB4728B2A0719C900A7B686 /* Release */,
			);
			defaultConfigurationIsVisible = 0;
			defaultConfigurationName = Release;
		};
/* End XCConfigurationList section */

/* Begin XCRemoteSwiftPackageReference section */
		BC0A6E962A08FB640086F68B /* XCRemoteSwiftPackageReference "Alamofire" */ = {
			isa = XCRemoteSwiftPackageReference;
			repositoryURL = "https://github.com/Alamofire/Alamofire.git";
			requirement = {
				kind = upToNextMajorVersion;
				minimumVersion = 5.6.1;
			};
		};
/* End XCRemoteSwiftPackageReference section */

/* Begin XCSwiftPackageProductDependency section */
		BC0A6E972A08FB640086F68B /* Alamofire */ = {
			isa = XCSwiftPackageProductDependency;
			package = BC0A6E962A08FB640086F68B /* XCRemoteSwiftPackageReference "Alamofire" */;
			productName = Alamofire;
		};
/* End XCSwiftPackageProductDependency section */
	};
	rootObject = BCB472512A0719C800A7B686 /* Project object */;
}
